
Microsoft Visual Studio Solution File, Format Version 10.00
# Visual Studio 2008
Project("{FAE04EC0-301F-11D3-BF4B-00C04F79EFBC}") = "HomepageGalleryGenerator", "HomepageGalleryGenerator.csproj", "{519EF65D-8C79-43B6-878D-A2ED6D595DBC}"
EndProject
Global
	GlobalSection(SolutionConfigurationPlatforms) = preSolution
		Debug|Any CPU = Debug|Any CPU
		Release|Any CPU = Release|Any CPU
	EndGlobalSection
	GlobalSection(ProjectConfigurationPlatforms) = postSolution
		{519EF65D-8C79-43B6-878D-A2ED6D595DBC}.Debug|Any CPU.ActiveCfg = Debug|Any CPU
		{519EF65D-8C79-43B6-878D-A2ED6D595DBC}.Debug|Any CPU.Build.0 = Debug|Any CPU
		{519EF65D-8C79-43B6-878D-A2ED6D595DBC}.Release|Any CPU.ActiveCfg = Release|Any CPU
		{519EF65D-8C79-43B6-878D-A2ED6D595DBC}.Release|Any CPU.Build.0 = Release|Any CPU
	EndGlobalSection
	GlobalSection(SolutionProperties) = preSolution
		HideSolutionNode = FALSE
	EndGlobalSection
EndGlobal
